
Microsoft Visual Studio Solution File, Format Version 12.00
# Visual Studio Version 16
VisualStudioVersion = 16.0.30804.86
MinimumVisualStudioVersion = 10.0.40219.1
Project("{FAE04EC0-301F-11D3-BF4B-00C04F79EFBC}") = "RangeTask", "RangeTask\RangeTask.csproj", "{F7E48197-74CC-4122-9A3E-FD86440CBB21}"
EndProject
Global
	GlobalSection(SolutionConfigurationPlatforms) = preSolution
		Debug|Any CPU = Debug|Any CPU
		Release|Any CPU = Release|Any CPU
	EndGlobalSection
	GlobalSection(ProjectConfigurationPlatforms) = postSolution
		{F7E48197-74CC-4122-9A3E-FD86440CBB21}.Debug|Any CPU.ActiveCfg = Debug|Any CPU
		{F7E48197-74CC-4122-9A3E-FD86440CBB21}.Debug|Any CPU.Build.0 = Debug|Any CPU
		{F7E48197-74CC-4122-9A3E-FD86440CBB21}.Release|Any CPU.ActiveCfg = Release|Any CPU
		{F7E48197-74CC-4122-9A3E-FD86440CBB21}.Release|Any CPU.Build.0 = Release|Any CPU
	EndGlobalSection
	GlobalSection(SolutionProperties) = preSolution
		HideSolutionNode = FALSE
	EndGlobalSection
	GlobalSection(ExtensibilityGlobals) = postSolution
		SolutionGuid = {0D681D09-21E6-451C-BA12-D70AE173E6D2}
	EndGlobalSection
EndGlobal
